
Microsoft Visual Studio Solution File, Format Version 12.00
# Visual Studio 2012
Project("{FAE04EC0-301F-11D3-BF4B-00C04F79EFBC}") = "TestCours", "TestCours\TestCours.csproj", "{F3AFA20F-3D71-451E-8D62-90D187B2298B}"
EndProject
Project("{FAE04EC0-301F-11D3-BF4B-00C04F79EFBC}") = "Genericite", "Genericite\Genericite.csproj", "{8B0C4EAB-6DD2-4EC3-A695-925BCD60585E}"
EndProject
Project("{FAE04EC0-301F-11D3-BF4B-00C04F79EFBC}") = "SecuriteTest", "SecuriteTest\SecuriteTest.csproj", "{5CCC65AD-F081-4577-8894-D45E6ECEE444}"
EndProject
Project("{FAE04EC0-301F-11D3-BF4B-00C04F79EFBC}") = "AppSettings", "AppSettings\AppSettings.csproj", "{92407E0C-4DC5-48AA-AA75-B0AAB4707A2B}"
EndProject
Project("{FAE04EC0-301F-11D3-BF4B-00C04F79EFBC}") = "SectionSpec", "SectionSpec\SectionSpec.csproj", "{8AFEE59F-8DD2-4E73-8961-C61DA0EFA8BF}"
EndProject
Project("{FAE04EC0-301F-11D3-BF4B-00C04F79EFBC}") = "SectionDeConfiguratio", "SectionDeConfiguratio\SectionDeConfiguratio.csproj", "{BE475683-5A04-4F07-B48D-E888386B9539}"
EndProject
Project("{FAE04EC0-301F-11D3-BF4B-00C04F79EFBC}") = "TestLINQ", "TestLINQ\TestLINQ.csproj", "{D91E089E-D157-4112-96DC-431EC02C8807}"
EndProject
Project("{FAE04EC0-301F-11D3-BF4B-00C04F79EFBC}") = "TestLINQ2", "TestLINQ2\TestLINQ2.csproj", "{37CFC0C4-DC4C-413A-9490-75A2A55214E4}"
EndProject
Global
	GlobalSection(SolutionConfigurationPlatforms) = preSolution
		Debug|Any CPU = Debug|Any CPU
		Release|Any CPU = Release|Any CPU
	EndGlobalSection
	GlobalSection(ProjectConfigurationPlatforms) = postSolution
		{F3AFA20F-3D71-451E-8D62-90D187B2298B}.Debug|Any CPU.ActiveCfg = Debug|Any CPU
		{F3AFA20F-3D71-451E-8D62-90D187B2298B}.Debug|Any CPU.Build.0 = Debug|Any CPU
		{F3AFA20F-3D71-451E-8D62-90D187B2298B}.Release|Any CPU.ActiveCfg = Release|Any CPU
		{F3AFA20F-3D71-451E-8D62-90D187B2298B}.Release|Any CPU.Build.0 = Release|Any CPU
		{8B0C4EAB-6DD2-4EC3-A695-925BCD60585E}.Debug|Any CPU.ActiveCfg = Debug|Any CPU
		{8B0C4EAB-6DD2-4EC3-A695-925BCD60585E}.Debug|Any CPU.Build.0 = Debug|Any CPU
		{8B0C4EAB-6DD2-4EC3-A695-925BCD60585E}.Release|Any CPU.ActiveCfg = Release|Any CPU
		{8B0C4EAB-6DD2-4EC3-A695-925BCD60585E}.Release|Any CPU.Build.0 = Release|Any CPU
		{5CCC65AD-F081-4577-8894-D45E6ECEE444}.Debug|Any CPU.ActiveCfg = Debug|Any CPU
		{5CCC65AD-F081-4577-8894-D45E6ECEE444}.Debug|Any CPU.Build.0 = Debug|Any CPU
		{5CCC65AD-F081-4577-8894-D45E6ECEE444}.Release|Any CPU.ActiveCfg = Release|Any CPU
		{5CCC65AD-F081-4577-8894-D45E6ECEE444}.Release|Any CPU.Build.0 = Release|Any CPU
		{92407E0C-4DC5-48AA-AA75-B0AAB4707A2B}.Debug|Any CPU.ActiveCfg = Debug|Any CPU
		{92407E0C-4DC5-48AA-AA75-B0AAB4707A2B}.Debug|Any CPU.Build.0 = Debug|Any CPU
		{92407E0C-4DC5-48AA-AA75-B0AAB4707A2B}.Release|Any CPU.ActiveCfg = Release|Any CPU
		{92407E0C-4DC5-48AA-AA75-B0AAB4707A2B}.Release|Any CPU.Build.0 = Release|Any CPU
		{8AFEE59F-8DD2-4E73-8961-C61DA0EFA8BF}.Debug|Any CPU.ActiveCfg = Debug|Any CPU
		{8AFEE59F-8DD2-4E73-8961-C61DA0EFA8BF}.Debug|Any CPU.Build.0 = Debug|Any CPU
		{8AFEE59F-8DD2-4E73-8961-C61DA0EFA8BF}.Release|Any CPU.ActiveCfg = Release|Any CPU
		{8AFEE59F-8DD2-4E73-8961-C61DA0EFA8BF}.Release|Any CPU.Build.0 = Release|Any CPU
		{BE475683-5A04-4F07-B48D-E888386B9539}.Debug|Any CPU.ActiveCfg = Debug|Any CPU
		{BE475683-5A04-4F07-B48D-E888386B9539}.Debug|Any CPU.Build.0 = Debug|Any CPU
		{BE475683-5A04-4F07-B48D-E888386B9539}.Release|Any CPU.ActiveCfg = Release|Any CPU
		{BE475683-5A04-4F07-B48D-E888386B9539}.Release|Any CPU.Build.0 = Release|Any CPU
		{D91E089E-D157-4112-96DC-431EC02C8807}.Debug|Any CPU.ActiveCfg = Debug|Any CPU
		{D91E089E-D157-4112-96DC-431EC02C8807}.Debug|Any CPU.Build.0 = Debug|Any CPU
		{D91E089E-D157-4112-96DC-431EC02C8807}.Release|Any CPU.ActiveCfg = Release|Any CPU
		{D91E089E-D157-4112-96DC-431EC02C8807}.Release|Any CPU.Build.0 = Release|Any CPU
		{37CFC0C4-DC4C-413A-9490-75A2A55214E4}.Debug|Any CPU.ActiveCfg = Debug|Any CPU
		{37CFC0C4-DC4C-413A-9490-75A2A55214E4}.Debug|Any CPU.Build.0 = Debug|Any CPU
		{37CFC0C4-DC4C-413A-9490-75A2A55214E4}.Release|Any CPU.ActiveCfg = Release|Any CPU
		{37CFC0C4-DC4C-413A-9490-75A2A55214E4}.Release|Any CPU.Build.0 = Release|Any CPU
	EndGlobalSection
	GlobalSection(SolutionProperties) = preSolution
		HideSolutionNode = FALSE
	EndGlobalSection
EndGlobal
